
Microsoft Visual Studio Solution File, Format Version 12.00
# Visual Studio 15
VisualStudioVersion = 15.0.27130.2010
MinimumVisualStudioVersion = 10.0.40219.1
Project("{FAE04EC0-301F-11D3-BF4B-00C04F79EFBC}") = "repeatedString", "repeatedString\repeatedString.csproj", "{4BD9ACE5-1CA3-4E9B-A5FC-9AE3073B8886}"
EndProject
Global
	GlobalSection(SolutionConfigurationPlatforms) = preSolution
		Debug|Any CPU = Debug|Any CPU
		Release|Any CPU = Release|Any CPU
	EndGlobalSection
	GlobalSection(ProjectConfigurationPlatforms) = postSolution
		{4BD9ACE5-1CA3-4E9B-A5FC-9AE3073B8886}.Debug|Any CPU.ActiveCfg = Debug|Any CPU
		{4BD9ACE5-1CA3-4E9B-A5FC-9AE3073B8886}.Debug|Any CPU.Build.0 = Debug|Any CPU
		{4BD9ACE5-1CA3-4E9B-A5FC-9AE3073B8886}.Release|Any CPU.ActiveCfg = Release|Any CPU
		{4BD9ACE5-1CA3-4E9B-A5FC-9AE3073B8886}.Release|Any CPU.Build.0 = Release|Any CPU
	EndGlobalSection
	GlobalSection(SolutionProperties) = preSolution
		HideSolutionNode = FALSE
	EndGlobalSection
	GlobalSection(ExtensibilityGlobals) = postSolution
		SolutionGuid = {413D299C-B898-4991-AB3F-88EAD2D4CDC5}
	EndGlobalSection
EndGlobal
